
Microsoft Visual Studio Solution File, Format Version 12.00
# Visual Studio Version 17
VisualStudioVersion = 17.14.36401.2 d17.14
MinimumVisualStudioVersion = 10.0.40219.1
Project("{FAE04EC0-301F-11D3-BF4B-00C04F79EFBC}") = "NumerousControllerInterfaceBveExPlugin", "NumerousControllerInterfaceBveExPlugin.csproj", "{8C591606-C596-49B2-AB90-E27EAC63B40E}"
EndProject
Global
	GlobalSection(SolutionConfigurationPlatforms) = preSolution
		Debug|Any CPU = Debug|Any CPU
		Release|Any CPU = Release|Any CPU
	EndGlobalSection
	GlobalSection(ProjectConfigurationPlatforms) = postSolution
		{8C591606-C596-49B2-AB90-E27EAC63B40E}.Debug|Any CPU.ActiveCfg = Debug|Any CPU
		{8C591606-C596-49B2-AB90-E27EAC63B40E}.Debug|Any CPU.Build.0 = Debug|Any CPU
		{8C591606-C596-49B2-AB90-E27EAC63B40E}.Release|Any CPU.ActiveCfg = Release|Any CPU
		{8C591606-C596-49B2-AB90-E27EAC63B40E}.Release|Any CPU.Build.0 = Release|Any CPU
	EndGlobalSection
	GlobalSection(SolutionProperties) = preSolution
		HideSolutionNode = FALSE
	EndGlobalSection
	GlobalSection(ExtensibilityGlobals) = postSolution
		SolutionGuid = {8B861892-391D-4A9B-A83F-2194EC29784B}
	EndGlobalSection
EndGlobal
